// !$*UTF8*$!
{
	archiveVersion = 1;
	classes = {
	};
	objectVersion = 50;
	objects = {

/* Begin PBXBuildFile section */
		85F087192367CD4200EBA013 /* AppDelegate.swift in Sources */ = {isa = PBXBuildFile; fileRef = 85F087182367CD4200EBA013 /* AppDelegate.swift */; };
		85F0871B2367CD4200EBA013 /* art.scnassets in Resources */ = {isa = PBXBuildFile; fileRef = 85F0871A2367CD4200EBA013 /* art.scnassets */; };
		85F0871D2367CD4200EBA013 /* ViewController.swift in Sources */ = {isa = PBXBuildFile; fileRef = 85F0871C2367CD4200EBA013 /* ViewController.swift */; };
		85F087202367CD4200EBA013 /* Main.storyboard in Resources */ = {isa = PBXBuildFile; fileRef = 85F0871E2367CD4200EBA013 /* Main.storyboard */; };
		85F087222367CD4A00EBA013 /* Assets.xcassets in Resources */ = {isa = PBXBuildFile; fileRef = 85F087212367CD4A00EBA013 /* Assets.xcassets */; };
		85F087252367CD4A00EBA013 /* LaunchScreen.storyboard in Resources */ = {isa = PBXBuildFile; fileRef = 85F087232367CD4A00EBA013 /* LaunchScreen.storyboard */; };
		85F0872D2367D0F600EBA013 /* harrypotter.mp4 in Resources */ = {isa = PBXBuildFile; fileRef = 85F0872C2367D0F600EBA013 /* harrypotter.mp4 */; };
		85F0872F2367D2C100EBA013 /* newspaper.jpg in Resources */ = {isa = PBXBuildFile; fileRef = 85F0872E2367D2C100EBA013 /* newspaper.jpg */; };
/* End PBXBuildFile section */

/* Begin PBXFileReference section */
		85F087152367CD4200EBA013 /* Daily Prophet.app */ = {isa = PBXFileReference; explicitFileType = wrapper.application; includeInIndex = 0; path = "Daily Prophet.app"; sourceTree = BUILT_PRODUCTS_DIR; };
		85F087182367CD4200EBA013 /* AppDelegate.swift */ = {isa = PBXFileReference; lastKnownFileType = sourcecode.swift; path = AppDelegate.swift; sourceTree = "<group>"; };
		85F0871A2367CD4200EBA013 /* art.scnassets */ = {isa = PBXFileReference; lastKnownFileType = wrapper.scnassets; path = art.scnassets; sourceTree = "<group>"; };
		85F0871C2367CD4200EBA013 /* ViewController.swift */ = {isa = PBXFileReference; lastKnownFileType = sourcecode.swift; path = ViewController.swift; sourceTree = "<group>"; };
		85F0871F2367CD4200EBA013 /* Base */ = {isa = PBXFileReference; lastKnownFileType = file.storyboard; name = Base; path = Base.lproj/Main.storyboard; sourceTree = "<group>"; };
		85F087212367CD4A00EBA013 /* Assets.xcassets */ = {isa = PBXFileReference; lastKnownFileType = folder.assetcatalog; path = Assets.xcassets; sourceTree = "<group>"; };
		85F087242367CD4A00EBA013 /* Base */ = {isa = PBXFileReference; lastKnownFileType = file.storyboard; name = Base; path = Base.lproj/LaunchScreen.storyboard; sourceTree = "<group>"; };
		85F087262367CD4A00EBA013 /* Info.plist */ = {isa = PBXFileReference; lastKnownFileType = text.plist.xml; path = Info.plist; sourceTree = "<group>"; };
		85F0872C2367D0F600EBA013 /* harrypotter.mp4 */ = {isa = PBXFileReference; lastKnownFileType = file; path = harrypotter.mp4; sourceTree = "<group>"; };
		85F0872E2367D2C100EBA013 /* newspaper.jpg */ = {isa = PBXFileReference; lastKnownFileType = image.jpeg; path = newspaper.jpg; sourceTree = "<group>"; };
/* End PBXFileReference section */

/* Begin PBXFrameworksBuildPhase section */
		85F087122367CD4200EBA013 /* Frameworks */ = {
			isa = PBXFrameworksBuildPhase;
			buildActionMask = 2147483647;
			files = (
			);
			runOnlyForDeploymentPostprocessing = 0;
		};
/* End PBXFrameworksBuildPhase section */

/* Begin PBXGroup section */
		85F0870C2367CD4200EBA013 = {
			isa = PBXGroup;
			children = (
				85F087172367CD4200EBA013 /* Daily Prophet */,
				85F087162367CD4200EBA013 /* Products */,
			);
			sourceTree = "<group>";
		};
		85F087162367CD4200EBA013 /* Products */ = {
			isa = PBXGroup;
			children = (
				85F087152367CD4200EBA013 /* Daily Prophet.app */,
			);
			name = Products;
			sourceTree = "<group>";
		};
		85F087172367CD4200EBA013 /* Daily Prophet */ = {
			isa = PBXGroup;
			children = (
				85F0872C2367D0F600EBA013 /* harrypotter.mp4 */,
				85F087182367CD4200EBA013 /* AppDelegate.swift */,
				85F0871C2367CD4200EBA013 /* ViewController.swift */,
				85F0871E2367CD4200EBA013 /* Main.storyboard */,
				85F087212367CD4A00EBA013 /* Assets.xcassets */,
				85F0871A2367CD4200EBA013 /* art.scnassets */,
				85F087232367CD4A00EBA013 /* LaunchScreen.storyboard */,
				85F0872E2367D2C100EBA013 /* newspaper.jpg */,
				85F087262367CD4A00EBA013 /* Info.plist */,
			);
			path = "Daily Prophet";
			sourceTree = "<group>";
		};
/* End PBXGroup section */

/* Begin PBXNativeTarget section */
		85F087142367CD4200EBA013 /* Daily Prophet */ = {
			isa = PBXNativeTarget;
			buildConfigurationList = 85F087292367CD4A00EBA013 /* Build configuration list for PBXNativeTarget "Daily Prophet" */;
			buildPhases = (
				85F087112367CD4200EBA013 /* Sources */,
				85F087122367CD4200EBA013 /* Frameworks */,
				85F087132367CD4200EBA013 /* Resources */,
			);
			buildRules = (
			);
			dependencies = (
			);
			name = "Daily Prophet";
			productName = "Daily Prophet";
			productReference = 85F087152367CD4200EBA013 /* Daily Prophet.app */;
			productType = "com.apple.product-type.application";
		};
/* End PBXNativeTarget section */

/* Begin PBXProject section */
		85F0870D2367CD4200EBA013 /* Project object */ = {
			isa = PBXProject;
			attributes = {
				LastSwiftUpdateCheck = 1110;
				LastUpgradeCheck = 1110;
				ORGANIZATIONNAME = "Noon Studio";
				TargetAttributes = {
					85F087142367CD4200EBA013 = {
						CreatedOnToolsVersion = 11.1;
					};
				};
			};
			buildConfigurationList = 85F087102367CD4200EBA013 /* Build configuration list for PBXProject "Daily Prophet" */;
			compatibilityVersion = "Xcode 9.3";
			developmentRegion = en;
			hasScannedForEncodings = 0;
			knownRegions = (
				en,
				Base,
			);
			mainGroup = 85F0870C2367CD4200EBA013;
			productRefGroup = 85F087162367CD4200EBA013 /* Products */;
			projectDirPath = "";
			projectRoot = "";
			targets = (
				85F087142367CD4200EBA013 /* Daily Prophet */,
			);
		};
/* End PBXProject section */

/* Begin PBXResourcesBuildPhase section */
		85F087132367CD4200EBA013 /* Resources */ = {
			isa = PBXResourcesBuildPhase;
			buildActionMask = 2147483647;
			files = (
				85F0871B2367CD4200EBA013 /* art.scnassets in Resources */,
				85F087252367CD4A00EBA013 /* LaunchScreen.storyboard in Resources */,
				85F0872D2367D0F600EBA013 /* harrypotter.mp4 in Resources */,
				85F0872F2367D2C100EBA013 /* newspaper.jpg in Resources */,
				85F087222367CD4A00EBA013 /* Assets.xcassets in Resources */,
				85F087202367CD4200EBA013 /* Main.storyboard in Resources */,
			);
			runOnlyForDeploymentPostprocessing = 0;
		};
/* End PBXResourcesBuildPhase section */

/* Begin PBXSourcesBuildPhase section */
		85F087112367CD4200EBA013 /* Sources */ = {
			isa = PBXSourcesBuildPhase;
			buildActionMask = 2147483647;
			files = (
				85F0871D2367CD4200EBA013 /* ViewController.swift in Sources */,
				85F087192367CD4200EBA013 /* AppDelegate.swift in Sources */,
			);
			runOnlyForDeploymentPostprocessing = 0;
		};
/* End PBXSourcesBuildPhase section */

/* Begin PBXVariantGroup section */
		85F0871E2367CD4200EBA013 /* Main.storyboard */ = {
			isa = PBXVariantGroup;
			children = (
				85F0871F2367CD4200EBA013 /* Base */,
			);
			name = Main.storyboard;
			sourceTree = "<group>";
		};
		85F087232367CD4A00EBA013 /* LaunchScreen.storyboard */ = {
			isa = PBXVariantGroup;
			children = (
				85F087242367CD4A00EBA013 /* Base */,
			);
			name = LaunchScreen.storyboard;
			sourceTree = "<group>";
		};
/* End PBXVariantGroup section */

/* Begin XCBuildConfiguration section */
		85F087272367CD4A00EBA013 /* Debug */ = {
			isa = XCBuildConfiguration;
			buildSettings = {
				ALWAYS_SEARCH_USER_PATHS = NO;
				CLANG_ANALYZER_NONNULL = YES;
				CLANG_ANALYZER_NUMBER_OBJECT_CONVERSION = YES_AGGRESSIVE;
				CLANG_CXX_LANGUAGE_STANDARD = "gnu++14";
				CLANG_CXX_LIBRARY = "libc++";
				CLANG_ENABLE_MODULES = YES;
				CLANG_ENABLE_OBJC_ARC = YES;
				CLANG_ENABLE_OBJC_WEAK = YES;
				CLANG_WARN_BLOCK_CAPTURE_AUTORELEASING = YES;
				CLANG_WARN_BOOL_CONVERSION = YES;
				CLANG_WARN_COMMA = YES;
				CLANG_WARN_CONSTANT_CONVERSION = YES;
				CLANG_WARN_DEPRECATED_OBJC_IMPLEMENTATIONS = YES;
				CLANG_WARN_DIRECT_OBJC_ISA_USAGE = YES_ERROR;
				CLANG_WARN_DOCUMENTATION_COMMENTS = YES;
				CLANG_WARN_EMPTY_BODY = YES;
				CLANG_WARN_ENUM_CONVERSION = YES;
				CLANG_WARN_INFINITE_RECURSION = YES;
				CLANG_WARN_INT_CONVERSION = YES;
				CLANG_WARN_NON_LITERAL_NULL_CONVERSION = YES;
				CLANG_WARN_OBJC_IMPLICIT_RETAIN_SELF = YES;
				CLANG_WARN_OBJC_LITERAL_CONVERSION = YES;
				CLANG_WARN_OBJC_ROOT_CLASS = YES_ERROR;
				CLANG_WARN_RANGE_LOOP_ANALYSIS = YES;
				CLANG_WARN_STRICT_PROTOTYPES = YES;
				CLANG_WARN_SUSPICIOUS_MOVE = YES;
				CLANG_WARN_UNGUARDED_AVAILABILITY = YES_AGGRESSIVE;
				CLANG_WARN_UNREACHABLE_CODE = YES;
				CLANG_WARN__DUPLICATE_METHOD_MATCH = YES;
				COPY_PHASE_STRIP = NO;
				DEBUG_INFORMATION_FORMAT = dwarf;
				ENABLE_STRICT_OBJC_MSGSEND = YES;
				ENABLE_TESTABILITY = YES;
				GCC_C_LANGUAGE_STANDARD = gnu11;
				GCC_DYNAMIC_NO_PIC = NO;
				GCC_NO_COMMON_BLOCKS = YES;
				GCC_OPTIMIZATION_LEVEL = 0;
				GCC_PREPROCESSOR_DEFINITIONS = (
					"DEBUG=1",
					"$(inherited)",
				);
				GCC_WARN_64_TO_32_BIT_CONVERSION = YES;
				GCC_WARN_ABOUT_RETURN_TYPE = YES_ERROR;
				GCC_WARN_UNDECLARED_SELECTOR = YES;
				GCC_WARN_UNINITIALIZED_AUTOS = YES_AGGRESSIVE;
				GCC_WARN_UNUSED_FUNCTION = YES;
				GCC_WARN_UNUSED_VARIABLE = YES;
				IPHONEOS_DEPLOYMENT_TARGET = 13.1;
				MTL_ENABLE_DEBUG_INFO = INCLUDE_SOURCE;
				MTL_FAST_MATH = YES;
				ONLY_ACTIVE_ARCH = YES;
				SDKROOT = iphoneos;
				SWIFT_ACTIVE_COMPILATION_CONDITIONS = DEBUG;
				SWIFT_OPTIMIZATION_LEVEL = "-Onone";
			};
			name = Debug;
		};
		85F087282367CD4A00EBA013 /* Release */ = {
			isa = XCBuildConfiguration;
			buildSettings = {
				ALWAYS_SEARCH_USER_PATHS = NO;
				CLANG_ANALYZER_NONNULL = YES;
				CLANG_ANALYZER_NUMBER_OBJECT_CONVERSION = YES_AGGRESSIVE;
				CLANG_CXX_LANGUAGE_STANDARD = "gnu++14";
				CLANG_CXX_LIBRARY = "libc++";
				CLANG_ENABLE_MODULES = YES;
				CLANG_ENABLE_OBJC_ARC = YES;
				CLANG_ENABLE_OBJC_WEAK = YES;
				CLANG_WARN_BLOCK_CAPTURE_AUTORELEASING = YES;
				CLANG_WARN_BOOL_CONVERSION = YES;
				CLANG_WARN_COMMA = YES;
				CLANG_WARN_CONSTANT_CONVERSION = YES;
				CLANG_WARN_DEPRECATED_OBJC_IMPLEMENTATIONS = YES;
				CLANG_WARN_DIRECT_OBJC_ISA_USAGE = YES_ERROR;
				CLANG_WARN_DOCUMENTATION_COMMENTS = YES;
				CLANG_WARN_EMPTY_BODY = YES;
				CLANG_WARN_ENUM_CONVERSION = YES;
				CLANG_WARN_INFINITE_RECURSION = YES;
				CLANG_WARN_INT_CONVERSION = YES;
				CLANG_WARN_NON_LITERAL_NULL_CONVERSION = YES;
				CLANG_WARN_OBJC_IMPLICIT_RETAIN_SELF = YES;
				CLANG_WARN_OBJC_LITERAL_CONVERSION = YES;
				CLANG_WARN_OBJC_ROOT_CLASS = YES_ERROR;
				CLANG_WARN_RANGE_LOOP_ANALYSIS = YES;
				CLANG_WARN_STRICT_PROTOTYPES = YES;
				CLANG_WARN_SUSPICIOUS_MOVE = YES;
				CLANG_WARN_UNGUARDED_AVAILABILITY = YES_AGGRESSIVE;
				CLANG_WARN_UNREACHABLE_CODE = YES;
				CLANG_WARN__DUPLICATE_METHOD_MATCH = YES;
				COPY_PHASE_STRIP = NO;
				DEBUG_INFORMATION_FORMAT = "dwarf-with-dsym";
				ENABLE_NS_ASSERTIONS = NO;
				ENABLE_STRICT_OBJC_MSGSEND = YES;
				GCC_C_LANGUAGE_STANDARD = gnu11;
				GCC_NO_COMMON_BLOCKS = YES;
				GCC_WARN_64_TO_32_BIT_CONVERSION = YES;
				GCC_WARN_ABOUT_RETURN_TYPE = YES_ERROR;
				GCC_WARN_UNDECLARED_SELECTOR = YES;
				GCC_WARN_UNINITIALIZED_AUTOS = YES_AGGRESSIVE;
				GCC_WARN_UNUSED_FUNCTION = YES;
				GCC_WARN_UNUSED_VARIABLE = YES;
				IPHONEOS_DEPLOYMENT_TARGET = 13.1;
				MTL_ENABLE_DEBUG_INFO = NO;
				MTL_FAST_MATH = YES;
				SDKROOT = iphoneos;
				SWIFT_COMPILATION_MODE = wholemodule;
				SWIFT_OPTIMIZATION_LEVEL = "-O";
				VALIDATE_PRODUCT = YES;
			};
			name = Release;
		};
		85F0872A2367CD4A00EBA013 /* Debug */ = {
			isa = XCBuildConfiguration;
			buildSettings = {
				ASSETCATALOG_COMPILER_APPICON_NAME = AppIcon;
				CODE_SIGN_STYLE = Automatic;
				DEVELOPMENT_TEAM = QQE69LKY8A;
				INFOPLIST_FILE = "Daily Prophet/Info.plist";
				LD_RUNPATH_SEARCH_PATHS = (
					"$(inherited)",
					"@executable_path/Frameworks",
				);
				PRODUCT_BUNDLE_IDENTIFIER = "io.noon.Daily-Prophet";
				PRODUCT_NAME = "$(TARGET_NAME)";
				SWIFT_VERSION = 5.0;
				TARGETED_DEVICE_FAMILY = "1,2";
			};
			name = Debug;
		};
		85F0872B2367CD4A00EBA013 /* Release */ = {
			isa = XCBuildConfiguration;
			buildSettings = {
				ASSETCATALOG_COMPILER_APPICON_NAME = AppIcon;
				CODE_SIGN_STYLE = Automatic;
				DEVELOPMENT_TEAM = QQE69LKY8A;
				INFOPLIST_FILE = "Daily Prophet/Info.plist";
				LD_RUNPATH_SEARCH_PATHS = (
					"$(inherited)",
					"@executable_path/Frameworks",
				);
				PRODUCT_BUNDLE_IDENTIFIER = "io.noon.Daily-Prophet";
				PRODUCT_NAME = "$(TARGET_NAME)";
				SWIFT_VERSION = 5.0;
				TARGETED_DEVICE_FAMILY = "1,2";
			};
			name = Release;
		};
/* End XCBuildConfiguration section */

/* Begin XCConfigurationList section */
		85F087102367CD4200EBA013 /* Build configuration list for PBXProject "Daily Prophet" */ = {
			isa = XCConfigurationList;
			buildConfigurations = (
				85F087272367CD4A00EBA013 /* Debug */,
				85F087282367CD4A00EBA013 /* Release */,
			);
			defaultConfigurationIsVisible = 0;
			defaultConfigurationName = Release;
		};
		85F087292367CD4A00EBA013 /* Build configuration list for PBXNativeTarget "Daily Prophet" */ = {
			isa = XCConfigurationList;
			buildConfigurations = (
				85F0872A2367CD4A00EBA013 /* Debug */,
				85F0872B2367CD4A00EBA013 /* Release */,
			);
			defaultConfigurationIsVisible = 0;
			defaultConfigurationName = Release;
		};
/* End XCConfigurationList section */
	};
	rootObject = 85F0870D2367CD4200EBA013 /* Project object */;
}
