// !$*UTF8*$!
{
	archiveVersion = 1;
	classes = {
	};
	objectVersion = 50;
	objects = {

/* Begin PBXBuildFile section */
		85D3ADF62329C3290055DCE5 /* AppDelegate.swift in Sources */ = {isa = PBXBuildFile; fileRef = 85D3ADF52329C3290055DCE5 /* AppDelegate.swift */; };
		85D3ADF82329C3290055DCE5 /* ViewController.swift in Sources */ = {isa = PBXBuildFile; fileRef = 85D3ADF72329C3290055DCE5 /* ViewController.swift */; };
		85D3ADFB2329C3290055DCE5 /* Main.storyboard in Resources */ = {isa = PBXBuildFile; fileRef = 85D3ADF92329C3290055DCE5 /* Main.storyboard */; };
		85D3ADFD2329C32A0055DCE5 /* Assets.xcassets in Resources */ = {isa = PBXBuildFile; fileRef = 85D3ADFC2329C32A0055DCE5 /* Assets.xcassets */; };
		85D3AE002329C32A0055DCE5 /* LaunchScreen.storyboard in Resources */ = {isa = PBXBuildFile; fileRef = 85D3ADFE2329C32A0055DCE5 /* LaunchScreen.storyboard */; };
		85D3AE0E2329C6040055DCE5 /* note4.wav in Resources */ = {isa = PBXBuildFile; fileRef = 85D3AE072329C5FD0055DCE5 /* note4.wav */; };
		85D3AE0F2329C6040055DCE5 /* note7.wav in Resources */ = {isa = PBXBuildFile; fileRef = 85D3AE082329C5FE0055DCE5 /* note7.wav */; };
		85D3AE102329C6040055DCE5 /* note2.wav in Resources */ = {isa = PBXBuildFile; fileRef = 85D3AE092329C5FF0055DCE5 /* note2.wav */; };
		85D3AE112329C6040055DCE5 /* note3.wav in Resources */ = {isa = PBXBuildFile; fileRef = 85D3AE0A2329C6000055DCE5 /* note3.wav */; };
		85D3AE122329C6040055DCE5 /* note1.wav in Resources */ = {isa = PBXBuildFile; fileRef = 85D3AE0B2329C6010055DCE5 /* note1.wav */; };
		85D3AE132329C6040055DCE5 /* note5.wav in Resources */ = {isa = PBXBuildFile; fileRef = 85D3AE0C2329C6020055DCE5 /* note5.wav */; };
		85D3AE142329C6040055DCE5 /* note6.wav in Resources */ = {isa = PBXBuildFile; fileRef = 85D3AE0D2329C6030055DCE5 /* note6.wav */; };
/* End PBXBuildFile section */

/* Begin PBXFileReference section */
		85D3ADF22329C3290055DCE5 /* XyloPhone.app */ = {isa = PBXFileReference; explicitFileType = wrapper.application; includeInIndex = 0; path = XyloPhone.app; sourceTree = BUILT_PRODUCTS_DIR; };
		85D3ADF52329C3290055DCE5 /* AppDelegate.swift */ = {isa = PBXFileReference; lastKnownFileType = sourcecode.swift; path = AppDelegate.swift; sourceTree = "<group>"; };
		85D3ADF72329C3290055DCE5 /* ViewController.swift */ = {isa = PBXFileReference; lastKnownFileType = sourcecode.swift; path = ViewController.swift; sourceTree = "<group>"; };
		85D3ADFA2329C3290055DCE5 /* Base */ = {isa = PBXFileReference; lastKnownFileType = file.storyboard; name = Base; path = Base.lproj/Main.storyboard; sourceTree = "<group>"; };
		85D3ADFC2329C32A0055DCE5 /* Assets.xcassets */ = {isa = PBXFileReference; lastKnownFileType = folder.assetcatalog; path = Assets.xcassets; sourceTree = "<group>"; };
		85D3ADFF2329C32A0055DCE5 /* Base */ = {isa = PBXFileReference; lastKnownFileType = file.storyboard; name = Base; path = Base.lproj/LaunchScreen.storyboard; sourceTree = "<group>"; };
		85D3AE012329C32A0055DCE5 /* Info.plist */ = {isa = PBXFileReference; lastKnownFileType = text.plist.xml; path = Info.plist; sourceTree = "<group>"; };
		85D3AE072329C5FD0055DCE5 /* note4.wav */ = {isa = PBXFileReference; lastKnownFileType = audio.wav; path = note4.wav; sourceTree = "<group>"; };
		85D3AE082329C5FE0055DCE5 /* note7.wav */ = {isa = PBXFileReference; lastKnownFileType = audio.wav; path = note7.wav; sourceTree = "<group>"; };
		85D3AE092329C5FF0055DCE5 /* note2.wav */ = {isa = PBXFileReference; lastKnownFileType = audio.wav; path = note2.wav; sourceTree = "<group>"; };
		85D3AE0A2329C6000055DCE5 /* note3.wav */ = {isa = PBXFileReference; lastKnownFileType = audio.wav; path = note3.wav; sourceTree = "<group>"; };
		85D3AE0B2329C6010055DCE5 /* note1.wav */ = {isa = PBXFileReference; lastKnownFileType = audio.wav; path = note1.wav; sourceTree = "<group>"; };
		85D3AE0C2329C6020055DCE5 /* note5.wav */ = {isa = PBXFileReference; lastKnownFileType = audio.wav; path = note5.wav; sourceTree = "<group>"; };
		85D3AE0D2329C6030055DCE5 /* note6.wav */ = {isa = PBXFileReference; lastKnownFileType = audio.wav; path = note6.wav; sourceTree = "<group>"; };
/* End PBXFileReference section */

/* Begin PBXFrameworksBuildPhase section */
		85D3ADEF2329C3290055DCE5 /* Frameworks */ = {
			isa = PBXFrameworksBuildPhase;
			buildActionMask = 2147483647;
			files = (
			);
			runOnlyForDeploymentPostprocessing = 0;
		};
/* End PBXFrameworksBuildPhase section */

/* Begin PBXGroup section */
		85D3ADE92329C3280055DCE5 = {
			isa = PBXGroup;
			children = (
				85D3ADF42329C3290055DCE5 /* XyloPhone */,
				85D3ADF32329C3290055DCE5 /* Products */,
			);
			sourceTree = "<group>";
		};
		85D3ADF32329C3290055DCE5 /* Products */ = {
			isa = PBXGroup;
			children = (
				85D3ADF22329C3290055DCE5 /* XyloPhone.app */,
			);
			name = Products;
			sourceTree = "<group>";
		};
		85D3ADF42329C3290055DCE5 /* XyloPhone */ = {
			isa = PBXGroup;
			children = (
				85D3ADF52329C3290055DCE5 /* AppDelegate.swift */,
				85D3ADF72329C3290055DCE5 /* ViewController.swift */,
				85D3ADF92329C3290055DCE5 /* Main.storyboard */,
				85D3ADFC2329C32A0055DCE5 /* Assets.xcassets */,
				85D3ADFE2329C32A0055DCE5 /* LaunchScreen.storyboard */,
				85D3AE012329C32A0055DCE5 /* Info.plist */,
				85D3AE152329C61B0055DCE5 /* Sound */,
			);
			path = XyloPhone;
			sourceTree = "<group>";
		};
		85D3AE152329C61B0055DCE5 /* Sound */ = {
			isa = PBXGroup;
			children = (
				85D3AE0B2329C6010055DCE5 /* note1.wav */,
				85D3AE092329C5FF0055DCE5 /* note2.wav */,
				85D3AE0A2329C6000055DCE5 /* note3.wav */,
				85D3AE072329C5FD0055DCE5 /* note4.wav */,
				85D3AE0C2329C6020055DCE5 /* note5.wav */,
				85D3AE0D2329C6030055DCE5 /* note6.wav */,
				85D3AE082329C5FE0055DCE5 /* note7.wav */,
			);
			path = Sound;
			sourceTree = "<group>";
		};
/* End PBXGroup section */

/* Begin PBXNativeTarget section */
		85D3ADF12329C3290055DCE5 /* XyloPhone */ = {
			isa = PBXNativeTarget;
			buildConfigurationList = 85D3AE042329C32A0055DCE5 /* Build configuration list for PBXNativeTarget "XyloPhone" */;
			buildPhases = (
				85D3ADEE2329C3290055DCE5 /* Sources */,
				85D3ADEF2329C3290055DCE5 /* Frameworks */,
				85D3ADF02329C3290055DCE5 /* Resources */,
			);
			buildRules = (
			);
			dependencies = (
			);
			name = XyloPhone;
			productName = XyloPhone;
			productReference = 85D3ADF22329C3290055DCE5 /* XyloPhone.app */;
			productType = "com.apple.product-type.application";
		};
/* End PBXNativeTarget section */

/* Begin PBXProject section */
		85D3ADEA2329C3280055DCE5 /* Project object */ = {
			isa = PBXProject;
			attributes = {
				LastSwiftUpdateCheck = 1030;
				LastUpgradeCheck = 1030;
				ORGANIZATIONNAME = "Noon Studio";
				TargetAttributes = {
					85D3ADF12329C3290055DCE5 = {
						CreatedOnToolsVersion = 10.3;
					};
				};
			};
			buildConfigurationList = 85D3ADED2329C3280055DCE5 /* Build configuration list for PBXProject "XyloPhone" */;
			compatibilityVersion = "Xcode 9.3";
			developmentRegion = en;
			hasScannedForEncodings = 0;
			knownRegions = (
				en,
				Base,
			);
			mainGroup = 85D3ADE92329C3280055DCE5;
			productRefGroup = 85D3ADF32329C3290055DCE5 /* Products */;
			projectDirPath = "";
			projectRoot = "";
			targets = (
				85D3ADF12329C3290055DCE5 /* XyloPhone */,
			);
		};
/* End PBXProject section */

/* Begin PBXResourcesBuildPhase section */
		85D3ADF02329C3290055DCE5 /* Resources */ = {
			isa = PBXResourcesBuildPhase;
			buildActionMask = 2147483647;
			files = (
				85D3AE132329C6040055DCE5 /* note5.wav in Resources */,
				85D3AE002329C32A0055DCE5 /* LaunchScreen.storyboard in Resources */,
				85D3AE0F2329C6040055DCE5 /* note7.wav in Resources */,
				85D3AE142329C6040055DCE5 /* note6.wav in Resources */,
				85D3ADFD2329C32A0055DCE5 /* Assets.xcassets in Resources */,
				85D3AE102329C6040055DCE5 /* note2.wav in Resources */,
				85D3AE122329C6040055DCE5 /* note1.wav in Resources */,
				85D3ADFB2329C3290055DCE5 /* Main.storyboard in Resources */,
				85D3AE112329C6040055DCE5 /* note3.wav in Resources */,
				85D3AE0E2329C6040055DCE5 /* note4.wav in Resources */,
			);
			runOnlyForDeploymentPostprocessing = 0;
		};
/* End PBXResourcesBuildPhase section */

/* Begin PBXSourcesBuildPhase section */
		85D3ADEE2329C3290055DCE5 /* Sources */ = {
			isa = PBXSourcesBuildPhase;
			buildActionMask = 2147483647;
			files = (
				85D3ADF82329C3290055DCE5 /* ViewController.swift in Sources */,
				85D3ADF62329C3290055DCE5 /* AppDelegate.swift in Sources */,
			);
			runOnlyForDeploymentPostprocessing = 0;
		};
/* End PBXSourcesBuildPhase section */

/* Begin PBXVariantGroup section */
		85D3ADF92329C3290055DCE5 /* Main.storyboard */ = {
			isa = PBXVariantGroup;
			children = (
				85D3ADFA2329C3290055DCE5 /* Base */,
			);
			name = Main.storyboard;
			sourceTree = "<group>";
		};
		85D3ADFE2329C32A0055DCE5 /* LaunchScreen.storyboard */ = {
			isa = PBXVariantGroup;
			children = (
				85D3ADFF2329C32A0055DCE5 /* Base */,
			);
			name = LaunchScreen.storyboard;
			sourceTree = "<group>";
		};
/* End PBXVariantGroup section */

/* Begin XCBuildConfiguration section */
		85D3AE022329C32A0055DCE5 /* Debug */ = {
			isa = XCBuildConfiguration;
			buildSettings = {
				ALWAYS_SEARCH_USER_PATHS = NO;
				CLANG_ANALYZER_NONNULL = YES;
				CLANG_ANALYZER_NUMBER_OBJECT_CONVERSION = YES_AGGRESSIVE;
				CLANG_CXX_LANGUAGE_STANDARD = "gnu++14";
				CLANG_CXX_LIBRARY = "libc++";
				CLANG_ENABLE_MODULES = YES;
				CLANG_ENABLE_OBJC_ARC = YES;
				CLANG_ENABLE_OBJC_WEAK = YES;
				CLANG_WARN_BLOCK_CAPTURE_AUTORELEASING = YES;
				CLANG_WARN_BOOL_CONVERSION = YES;
				CLANG_WARN_COMMA = YES;
				CLANG_WARN_CONSTANT_CONVERSION = YES;
				CLANG_WARN_DEPRECATED_OBJC_IMPLEMENTATIONS = YES;
				CLANG_WARN_DIRECT_OBJC_ISA_USAGE = YES_ERROR;
				CLANG_WARN_DOCUMENTATION_COMMENTS = YES;
				CLANG_WARN_EMPTY_BODY = YES;
				CLANG_WARN_ENUM_CONVERSION = YES;
				CLANG_WARN_INFINITE_RECURSION = YES;
				CLANG_WARN_INT_CONVERSION = YES;
				CLANG_WARN_NON_LITERAL_NULL_CONVERSION = YES;
				CLANG_WARN_OBJC_IMPLICIT_RETAIN_SELF = YES;
				CLANG_WARN_OBJC_LITERAL_CONVERSION = YES;
				CLANG_WARN_OBJC_ROOT_CLASS = YES_ERROR;
				CLANG_WARN_RANGE_LOOP_ANALYSIS = YES;
				CLANG_WARN_STRICT_PROTOTYPES = YES;
				CLANG_WARN_SUSPICIOUS_MOVE = YES;
				CLANG_WARN_UNGUARDED_AVAILABILITY = YES_AGGRESSIVE;
				CLANG_WARN_UNREACHABLE_CODE = YES;
				CLANG_WARN__DUPLICATE_METHOD_MATCH = YES;
				CODE_SIGN_IDENTITY = "iPhone Developer";
				COPY_PHASE_STRIP = NO;
				DEBUG_INFORMATION_FORMAT = dwarf;
				ENABLE_STRICT_OBJC_MSGSEND = YES;
				ENABLE_TESTABILITY = YES;
				GCC_C_LANGUAGE_STANDARD = gnu11;
				GCC_DYNAMIC_NO_PIC = NO;
				GCC_NO_COMMON_BLOCKS = YES;
				GCC_OPTIMIZATION_LEVEL = 0;
				GCC_PREPROCESSOR_DEFINITIONS = (
					"DEBUG=1",
					"$(inherited)",
				);
				GCC_WARN_64_TO_32_BIT_CONVERSION = YES;
				GCC_WARN_ABOUT_RETURN_TYPE = YES_ERROR;
				GCC_WARN_UNDECLARED_SELECTOR = YES;
				GCC_WARN_UNINITIALIZED_AUTOS = YES_AGGRESSIVE;
				GCC_WARN_UNUSED_FUNCTION = YES;
				GCC_WARN_UNUSED_VARIABLE = YES;
				IPHONEOS_DEPLOYMENT_TARGET = 12.4;
				MTL_ENABLE_DEBUG_INFO = INCLUDE_SOURCE;
				MTL_FAST_MATH = YES;
				ONLY_ACTIVE_ARCH = YES;
				SDKROOT = iphoneos;
				SWIFT_ACTIVE_COMPILATION_CONDITIONS = DEBUG;
				SWIFT_OPTIMIZATION_LEVEL = "-Onone";
			};
			name = Debug;
		};
		85D3AE032329C32A0055DCE5 /* Release */ = {
			isa = XCBuildConfiguration;
			buildSettings = {
				ALWAYS_SEARCH_USER_PATHS = NO;
				CLANG_ANALYZER_NONNULL = YES;
				CLANG_ANALYZER_NUMBER_OBJECT_CONVERSION = YES_AGGRESSIVE;
				CLANG_CXX_LANGUAGE_STANDARD = "gnu++14";
				CLANG_CXX_LIBRARY = "libc++";
				CLANG_ENABLE_MODULES = YES;
				CLANG_ENABLE_OBJC_ARC = YES;
				CLANG_ENABLE_OBJC_WEAK = YES;
				CLANG_WARN_BLOCK_CAPTURE_AUTORELEASING = YES;
				CLANG_WARN_BOOL_CONVERSION = YES;
				CLANG_WARN_COMMA = YES;
				CLANG_WARN_CONSTANT_CONVERSION = YES;
				CLANG_WARN_DEPRECATED_OBJC_IMPLEMENTATIONS = YES;
				CLANG_WARN_DIRECT_OBJC_ISA_USAGE = YES_ERROR;
				CLANG_WARN_DOCUMENTATION_COMMENTS = YES;
				CLANG_WARN_EMPTY_BODY = YES;
				CLANG_WARN_ENUM_CONVERSION = YES;
				CLANG_WARN_INFINITE_RECURSION = YES;
				CLANG_WARN_INT_CONVERSION = YES;
				CLANG_WARN_NON_LITERAL_NULL_CONVERSION = YES;
				CLANG_WARN_OBJC_IMPLICIT_RETAIN_SELF = YES;
				CLANG_WARN_OBJC_LITERAL_CONVERSION = YES;
				CLANG_WARN_OBJC_ROOT_CLASS = YES_ERROR;
				CLANG_WARN_RANGE_LOOP_ANALYSIS = YES;
				CLANG_WARN_STRICT_PROTOTYPES = YES;
				CLANG_WARN_SUSPICIOUS_MOVE = YES;
				CLANG_WARN_UNGUARDED_AVAILABILITY = YES_AGGRESSIVE;
				CLANG_WARN_UNREACHABLE_CODE = YES;
				CLANG_WARN__DUPLICATE_METHOD_MATCH = YES;
				CODE_SIGN_IDENTITY = "iPhone Developer";
				COPY_PHASE_STRIP = NO;
				DEBUG_INFORMATION_FORMAT = "dwarf-with-dsym";
				ENABLE_NS_ASSERTIONS = NO;
				ENABLE_STRICT_OBJC_MSGSEND = YES;
				GCC_C_LANGUAGE_STANDARD = gnu11;
				GCC_NO_COMMON_BLOCKS = YES;
				GCC_WARN_64_TO_32_BIT_CONVERSION = YES;
				GCC_WARN_ABOUT_RETURN_TYPE = YES_ERROR;
				GCC_WARN_UNDECLARED_SELECTOR = YES;
				GCC_WARN_UNINITIALIZED_AUTOS = YES_AGGRESSIVE;
				GCC_WARN_UNUSED_FUNCTION = YES;
				GCC_WARN_UNUSED_VARIABLE = YES;
				IPHONEOS_DEPLOYMENT_TARGET = 12.4;
				MTL_ENABLE_DEBUG_INFO = NO;
				MTL_FAST_MATH = YES;
				SDKROOT = iphoneos;
				SWIFT_COMPILATION_MODE = wholemodule;
				SWIFT_OPTIMIZATION_LEVEL = "-O";
				VALIDATE_PRODUCT = YES;
			};
			name = Release;
		};
		85D3AE052329C32A0055DCE5 /* Debug */ = {
			isa = XCBuildConfiguration;
			buildSettings = {
				ASSETCATALOG_COMPILER_APPICON_NAME = AppIcon;
				CODE_SIGN_IDENTITY = "iPhone Developer";
				CODE_SIGN_STYLE = Automatic;
				DEVELOPMENT_TEAM = QQE69LKY8A;
				INFOPLIST_FILE = XyloPhone/Info.plist;
				LD_RUNPATH_SEARCH_PATHS = (
					"$(inherited)",
					"@executable_path/Frameworks",
				);
				PRODUCT_BUNDLE_IDENTIFIER = com.nopthakorn.XyloPhone;
				PRODUCT_NAME = "$(TARGET_NAME)";
				PROVISIONING_PROFILE_SPECIFIER = "";
				SWIFT_VERSION = 5.0;
				TARGETED_DEVICE_FAMILY = 1;
			};
			name = Debug;
		};
		85D3AE062329C32A0055DCE5 /* Release */ = {
			isa = XCBuildConfiguration;
			buildSettings = {
				ASSETCATALOG_COMPILER_APPICON_NAME = AppIcon;
				CODE_SIGN_IDENTITY = "iPhone Developer";
				CODE_SIGN_STYLE = Automatic;
				DEVELOPMENT_TEAM = QQE69LKY8A;
				INFOPLIST_FILE = XyloPhone/Info.plist;
				LD_RUNPATH_SEARCH_PATHS = (
					"$(inherited)",
					"@executable_path/Frameworks",
				);
				PRODUCT_BUNDLE_IDENTIFIER = com.nopthakorn.XyloPhone;
				PRODUCT_NAME = "$(TARGET_NAME)";
				PROVISIONING_PROFILE_SPECIFIER = "";
				SWIFT_VERSION = 5.0;
				TARGETED_DEVICE_FAMILY = 1;
			};
			name = Release;
		};
/* End XCBuildConfiguration section */

/* Begin XCConfigurationList section */
		85D3ADED2329C3280055DCE5 /* Build configuration list for PBXProject "XyloPhone" */ = {
			isa = XCConfigurationList;
			buildConfigurations = (
				85D3AE022329C32A0055DCE5 /* Debug */,
				85D3AE032329C32A0055DCE5 /* Release */,
			);
			defaultConfigurationIsVisible = 0;
			defaultConfigurationName = Release;
		};
		85D3AE042329C32A0055DCE5 /* Build configuration list for PBXNativeTarget "XyloPhone" */ = {
			isa = XCConfigurationList;
			buildConfigurations = (
				85D3AE052329C32A0055DCE5 /* Debug */,
				85D3AE062329C32A0055DCE5 /* Release */,
			);
			defaultConfigurationIsVisible = 0;
			defaultConfigurationName = Release;
		};
/* End XCConfigurationList section */
	};
	rootObject = 85D3ADEA2329C3280055DCE5 /* Project object */;
}
