// !$*UTF8*$!
{
	archiveVersion = 1;
	classes = {
	};
	objectVersion = 50;
	objects = {

/* Begin PBXBuildFile section */
		0A4720C0415ABD077D4F3FF2 /* Pods_Climator.framework in Frameworks */ = {isa = PBXBuildFile; fileRef = 2BF887059DA3BF247183EF85 /* Pods_Climator.framework */; };
		85712107232E28CF00106A87 /* AppDelegate.swift in Sources */ = {isa = PBXBuildFile; fileRef = 85712106232E28CF00106A87 /* AppDelegate.swift */; };
		8571210C232E28CF00106A87 /* Main.storyboard in Resources */ = {isa = PBXBuildFile; fileRef = 8571210A232E28CF00106A87 /* Main.storyboard */; };
		8571210E232E28D000106A87 /* Assets.xcassets in Resources */ = {isa = PBXBuildFile; fileRef = 8571210D232E28D000106A87 /* Assets.xcassets */; };
		85712111232E28D000106A87 /* LaunchScreen.storyboard in Resources */ = {isa = PBXBuildFile; fileRef = 8571210F232E28D000106A87 /* LaunchScreen.storyboard */; };
		85712126232E2B8F00106A87 /* WeatherViewController.swift in Sources */ = {isa = PBXBuildFile; fileRef = 85712125232E2B8F00106A87 /* WeatherViewController.swift */; };
		85712128232E2BA100106A87 /* ChangeCityViewController.swift in Sources */ = {isa = PBXBuildFile; fileRef = 85712127232E2BA100106A87 /* ChangeCityViewController.swift */; };
		85D924E4232F0EA7003AB47F /* WeatherDataModel.swift in Sources */ = {isa = PBXBuildFile; fileRef = 85D924E3232F0EA7003AB47F /* WeatherDataModel.swift */; };
/* End PBXBuildFile section */

/* Begin PBXFileReference section */
		2BF887059DA3BF247183EF85 /* Pods_Climator.framework */ = {isa = PBXFileReference; explicitFileType = wrapper.framework; includeInIndex = 0; path = Pods_Climator.framework; sourceTree = BUILT_PRODUCTS_DIR; };
		6548ED032E9956AC4DC05FBF /* Pods-Climator.debug.xcconfig */ = {isa = PBXFileReference; includeInIndex = 1; lastKnownFileType = text.xcconfig; name = "Pods-Climator.debug.xcconfig"; path = "Target Support Files/Pods-Climator/Pods-Climator.debug.xcconfig"; sourceTree = "<group>"; };
		85712103232E28CF00106A87 /* Climator.app */ = {isa = PBXFileReference; explicitFileType = wrapper.application; includeInIndex = 0; path = Climator.app; sourceTree = BUILT_PRODUCTS_DIR; };
		85712106232E28CF00106A87 /* AppDelegate.swift */ = {isa = PBXFileReference; lastKnownFileType = sourcecode.swift; path = AppDelegate.swift; sourceTree = "<group>"; };
		8571210B232E28CF00106A87 /* Base */ = {isa = PBXFileReference; lastKnownFileType = file.storyboard; name = Base; path = Base.lproj/Main.storyboard; sourceTree = "<group>"; };
		8571210D232E28D000106A87 /* Assets.xcassets */ = {isa = PBXFileReference; lastKnownFileType = folder.assetcatalog; path = Assets.xcassets; sourceTree = "<group>"; };
		85712110232E28D000106A87 /* Base */ = {isa = PBXFileReference; lastKnownFileType = file.storyboard; name = Base; path = Base.lproj/LaunchScreen.storyboard; sourceTree = "<group>"; };
		85712112232E28D000106A87 /* Info.plist */ = {isa = PBXFileReference; lastKnownFileType = text.plist.xml; path = Info.plist; sourceTree = "<group>"; };
		85712125232E2B8F00106A87 /* WeatherViewController.swift */ = {isa = PBXFileReference; lastKnownFileType = sourcecode.swift; path = WeatherViewController.swift; sourceTree = "<group>"; };
		85712127232E2BA100106A87 /* ChangeCityViewController.swift */ = {isa = PBXFileReference; lastKnownFileType = sourcecode.swift; path = ChangeCityViewController.swift; sourceTree = "<group>"; };
		858FF1EC232E4F9E00DE5714 /* Climator-Bridging-Header.h */ = {isa = PBXFileReference; lastKnownFileType = sourcecode.c.h; path = "Climator-Bridging-Header.h"; sourceTree = "<group>"; };
		85D924E3232F0EA7003AB47F /* WeatherDataModel.swift */ = {isa = PBXFileReference; lastKnownFileType = sourcecode.swift; path = WeatherDataModel.swift; sourceTree = "<group>"; };
		FD3B932C77C3963E1E5F3C2A /* Pods-Climator.release.xcconfig */ = {isa = PBXFileReference; includeInIndex = 1; lastKnownFileType = text.xcconfig; name = "Pods-Climator.release.xcconfig"; path = "Target Support Files/Pods-Climator/Pods-Climator.release.xcconfig"; sourceTree = "<group>"; };
/* End PBXFileReference section */

/* Begin PBXFrameworksBuildPhase section */
		85712100232E28CF00106A87 /* Frameworks */ = {
			isa = PBXFrameworksBuildPhase;
			buildActionMask = 2147483647;
			files = (
				0A4720C0415ABD077D4F3FF2 /* Pods_Climator.framework in Frameworks */,
			);
			runOnlyForDeploymentPostprocessing = 0;
		};
/* End PBXFrameworksBuildPhase section */

/* Begin PBXGroup section */
		09C1D6CED5537704EA936130 /* Pods */ = {
			isa = PBXGroup;
			children = (
				6548ED032E9956AC4DC05FBF /* Pods-Climator.debug.xcconfig */,
				FD3B932C77C3963E1E5F3C2A /* Pods-Climator.release.xcconfig */,
			);
			path = Pods;
			sourceTree = "<group>";
		};
		857120FA232E28CF00106A87 = {
			isa = PBXGroup;
			children = (
				85712105232E28CF00106A87 /* Climator */,
				85712104232E28CF00106A87 /* Products */,
				09C1D6CED5537704EA936130 /* Pods */,
				95935820C6B6C854D64088D8 /* Frameworks */,
			);
			sourceTree = "<group>";
		};
		85712104232E28CF00106A87 /* Products */ = {
			isa = PBXGroup;
			children = (
				85712103232E28CF00106A87 /* Climator.app */,
			);
			name = Products;
			sourceTree = "<group>";
		};
		85712105232E28CF00106A87 /* Climator */ = {
			isa = PBXGroup;
			children = (
				8571212C232E4B6A00106A87 /* Controller */,
				8571212E232E4B8C00106A87 /* View */,
				85712130232E4B9F00106A87 /* Model */,
				85712133232E4BCA00106A87 /* Supporting Files */,
			);
			path = Climator;
			sourceTree = "<group>";
		};
		8571212C232E4B6A00106A87 /* Controller */ = {
			isa = PBXGroup;
			children = (
				85712127232E2BA100106A87 /* ChangeCityViewController.swift */,
				85712125232E2B8F00106A87 /* WeatherViewController.swift */,
				85712106232E28CF00106A87 /* AppDelegate.swift */,
			);
			name = Controller;
			sourceTree = "<group>";
		};
		8571212E232E4B8C00106A87 /* View */ = {
			isa = PBXGroup;
			children = (
				8571210A232E28CF00106A87 /* Main.storyboard */,
			);
			name = View;
			sourceTree = "<group>";
		};
		85712130232E4B9F00106A87 /* Model */ = {
			isa = PBXGroup;
			children = (
				85D924E3232F0EA7003AB47F /* WeatherDataModel.swift */,
			);
			name = Model;
			sourceTree = "<group>";
		};
		85712133232E4BCA00106A87 /* Supporting Files */ = {
			isa = PBXGroup;
			children = (
				858FF1EC232E4F9E00DE5714 /* Climator-Bridging-Header.h */,
				8571210F232E28D000106A87 /* LaunchScreen.storyboard */,
				8571210D232E28D000106A87 /* Assets.xcassets */,
				85712112232E28D000106A87 /* Info.plist */,
			);
			name = "Supporting Files";
			sourceTree = "<group>";
		};
		95935820C6B6C854D64088D8 /* Frameworks */ = {
			isa = PBXGroup;
			children = (
				2BF887059DA3BF247183EF85 /* Pods_Climator.framework */,
			);
			name = Frameworks;
			sourceTree = "<group>";
		};
/* End PBXGroup section */

/* Begin PBXNativeTarget section */
		85712102232E28CF00106A87 /* Climator */ = {
			isa = PBXNativeTarget;
			buildConfigurationList = 85712115232E28D000106A87 /* Build configuration list for PBXNativeTarget "Climator" */;
			buildPhases = (
				D3A6BA47444727F5B5AA1F5C /* [CP] Check Pods Manifest.lock */,
				857120FF232E28CF00106A87 /* Sources */,
				85712100232E28CF00106A87 /* Frameworks */,
				85712101232E28CF00106A87 /* Resources */,
				43F76578D0035B586D502055 /* [CP] Embed Pods Frameworks */,
			);
			buildRules = (
			);
			dependencies = (
			);
			name = Climator;
			productName = Climator;
			productReference = 85712103232E28CF00106A87 /* Climator.app */;
			productType = "com.apple.product-type.application";
		};
/* End PBXNativeTarget section */

/* Begin PBXProject section */
		857120FB232E28CF00106A87 /* Project object */ = {
			isa = PBXProject;
			attributes = {
				LastSwiftUpdateCheck = 1030;
				LastUpgradeCheck = 1030;
				ORGANIZATIONNAME = "Noon Studio";
				TargetAttributes = {
					85712102232E28CF00106A87 = {
						CreatedOnToolsVersion = 10.3;
						LastSwiftMigration = 1030;
					};
				};
			};
			buildConfigurationList = 857120FE232E28CF00106A87 /* Build configuration list for PBXProject "Climator" */;
			compatibilityVersion = "Xcode 9.3";
			developmentRegion = en;
			hasScannedForEncodings = 0;
			knownRegions = (
				en,
				Base,
			);
			mainGroup = 857120FA232E28CF00106A87;
			productRefGroup = 85712104232E28CF00106A87 /* Products */;
			projectDirPath = "";
			projectRoot = "";
			targets = (
				85712102232E28CF00106A87 /* Climator */,
			);
		};
/* End PBXProject section */

/* Begin PBXResourcesBuildPhase section */
		85712101232E28CF00106A87 /* Resources */ = {
			isa = PBXResourcesBuildPhase;
			buildActionMask = 2147483647;
			files = (
				85712111232E28D000106A87 /* LaunchScreen.storyboard in Resources */,
				8571210E232E28D000106A87 /* Assets.xcassets in Resources */,
				8571210C232E28CF00106A87 /* Main.storyboard in Resources */,
			);
			runOnlyForDeploymentPostprocessing = 0;
		};
/* End PBXResourcesBuildPhase section */

/* Begin PBXShellScriptBuildPhase section */
		43F76578D0035B586D502055 /* [CP] Embed Pods Frameworks */ = {
			isa = PBXShellScriptBuildPhase;
			buildActionMask = 2147483647;
			files = (
			);
			inputFileListPaths = (
			);
			inputPaths = (
				"${PODS_ROOT}/Target Support Files/Pods-Climator/Pods-Climator-frameworks.sh",
				"${BUILT_PRODUCTS_DIR}/Alamofire/Alamofire.framework",
				"${BUILT_PRODUCTS_DIR}/SVProgressHUD/SVProgressHUD.framework",
				"${BUILT_PRODUCTS_DIR}/SwiftyJSON/SwiftyJSON.framework",
			);
			name = "[CP] Embed Pods Frameworks";
			outputFileListPaths = (
			);
			outputPaths = (
				"${TARGET_BUILD_DIR}/${FRAMEWORKS_FOLDER_PATH}/Alamofire.framework",
				"${TARGET_BUILD_DIR}/${FRAMEWORKS_FOLDER_PATH}/SVProgressHUD.framework",
				"${TARGET_BUILD_DIR}/${FRAMEWORKS_FOLDER_PATH}/SwiftyJSON.framework",
			);
			runOnlyForDeploymentPostprocessing = 0;
			shellPath = /bin/sh;
			shellScript = "\"${PODS_ROOT}/Target Support Files/Pods-Climator/Pods-Climator-frameworks.sh\"\n";
			showEnvVarsInLog = 0;
		};
		D3A6BA47444727F5B5AA1F5C /* [CP] Check Pods Manifest.lock */ = {
			isa = PBXShellScriptBuildPhase;
			buildActionMask = 2147483647;
			files = (
			);
			inputFileListPaths = (
			);
			inputPaths = (
				"${PODS_PODFILE_DIR_PATH}/Podfile.lock",
				"${PODS_ROOT}/Manifest.lock",
			);
			name = "[CP] Check Pods Manifest.lock";
			outputFileListPaths = (
			);
			outputPaths = (
				"$(DERIVED_FILE_DIR)/Pods-Climator-checkManifestLockResult.txt",
			);
			runOnlyForDeploymentPostprocessing = 0;
			shellPath = /bin/sh;
			shellScript = "diff \"${PODS_PODFILE_DIR_PATH}/Podfile.lock\" \"${PODS_ROOT}/Manifest.lock\" > /dev/null\nif [ $? != 0 ] ; then\n    # print error to STDERR\n    echo \"error: The sandbox is not in sync with the Podfile.lock. Run 'pod install' or update your CocoaPods installation.\" >&2\n    exit 1\nfi\n# This output is used by Xcode 'outputs' to avoid re-running this script phase.\necho \"SUCCESS\" > \"${SCRIPT_OUTPUT_FILE_0}\"\n";
			showEnvVarsInLog = 0;
		};
/* End PBXShellScriptBuildPhase section */

/* Begin PBXSourcesBuildPhase section */
		857120FF232E28CF00106A87 /* Sources */ = {
			isa = PBXSourcesBuildPhase;
			buildActionMask = 2147483647;
			files = (
				85D924E4232F0EA7003AB47F /* WeatherDataModel.swift in Sources */,
				85712107232E28CF00106A87 /* AppDelegate.swift in Sources */,
				85712126232E2B8F00106A87 /* WeatherViewController.swift in Sources */,
				85712128232E2BA100106A87 /* ChangeCityViewController.swift in Sources */,
			);
			runOnlyForDeploymentPostprocessing = 0;
		};
/* End PBXSourcesBuildPhase section */

/* Begin PBXVariantGroup section */
		8571210A232E28CF00106A87 /* Main.storyboard */ = {
			isa = PBXVariantGroup;
			children = (
				8571210B232E28CF00106A87 /* Base */,
			);
			name = Main.storyboard;
			sourceTree = "<group>";
		};
		8571210F232E28D000106A87 /* LaunchScreen.storyboard */ = {
			isa = PBXVariantGroup;
			children = (
				85712110232E28D000106A87 /* Base */,
			);
			name = LaunchScreen.storyboard;
			sourceTree = "<group>";
		};
/* End PBXVariantGroup section */

/* Begin XCBuildConfiguration section */
		85712113232E28D000106A87 /* Debug */ = {
			isa = XCBuildConfiguration;
			buildSettings = {
				ALWAYS_SEARCH_USER_PATHS = NO;
				CLANG_ANALYZER_NONNULL = YES;
				CLANG_ANALYZER_NUMBER_OBJECT_CONVERSION = YES_AGGRESSIVE;
				CLANG_CXX_LANGUAGE_STANDARD = "gnu++14";
				CLANG_CXX_LIBRARY = "libc++";
				CLANG_ENABLE_MODULES = YES;
				CLANG_ENABLE_OBJC_ARC = YES;
				CLANG_ENABLE_OBJC_WEAK = YES;
				CLANG_WARN_BLOCK_CAPTURE_AUTORELEASING = YES;
				CLANG_WARN_BOOL_CONVERSION = YES;
				CLANG_WARN_COMMA = YES;
				CLANG_WARN_CONSTANT_CONVERSION = YES;
				CLANG_WARN_DEPRECATED_OBJC_IMPLEMENTATIONS = YES;
				CLANG_WARN_DIRECT_OBJC_ISA_USAGE = YES_ERROR;
				CLANG_WARN_DOCUMENTATION_COMMENTS = YES;
				CLANG_WARN_EMPTY_BODY = YES;
				CLANG_WARN_ENUM_CONVERSION = YES;
				CLANG_WARN_INFINITE_RECURSION = YES;
				CLANG_WARN_INT_CONVERSION = YES;
				CLANG_WARN_NON_LITERAL_NULL_CONVERSION = YES;
				CLANG_WARN_OBJC_IMPLICIT_RETAIN_SELF = YES;
				CLANG_WARN_OBJC_LITERAL_CONVERSION = YES;
				CLANG_WARN_OBJC_ROOT_CLASS = YES_ERROR;
				CLANG_WARN_RANGE_LOOP_ANALYSIS = YES;
				CLANG_WARN_STRICT_PROTOTYPES = YES;
				CLANG_WARN_SUSPICIOUS_MOVE = YES;
				CLANG_WARN_UNGUARDED_AVAILABILITY = YES_AGGRESSIVE;
				CLANG_WARN_UNREACHABLE_CODE = YES;
				CLANG_WARN__DUPLICATE_METHOD_MATCH = YES;
				CODE_SIGN_IDENTITY = "iPhone Developer";
				COPY_PHASE_STRIP = NO;
				DEBUG_INFORMATION_FORMAT = dwarf;
				ENABLE_STRICT_OBJC_MSGSEND = YES;
				ENABLE_TESTABILITY = YES;
				GCC_C_LANGUAGE_STANDARD = gnu11;
				GCC_DYNAMIC_NO_PIC = NO;
				GCC_NO_COMMON_BLOCKS = YES;
				GCC_OPTIMIZATION_LEVEL = 0;
				GCC_PREPROCESSOR_DEFINITIONS = (
					"DEBUG=1",
					"$(inherited)",
				);
				GCC_WARN_64_TO_32_BIT_CONVERSION = YES;
				GCC_WARN_ABOUT_RETURN_TYPE = YES_ERROR;
				GCC_WARN_UNDECLARED_SELECTOR = YES;
				GCC_WARN_UNINITIALIZED_AUTOS = YES_AGGRESSIVE;
				GCC_WARN_UNUSED_FUNCTION = YES;
				GCC_WARN_UNUSED_VARIABLE = YES;
				IPHONEOS_DEPLOYMENT_TARGET = 12.4;
				MTL_ENABLE_DEBUG_INFO = INCLUDE_SOURCE;
				MTL_FAST_MATH = YES;
				ONLY_ACTIVE_ARCH = YES;
				SDKROOT = iphoneos;
				SWIFT_ACTIVE_COMPILATION_CONDITIONS = DEBUG;
				SWIFT_OPTIMIZATION_LEVEL = "-Onone";
			};
			name = Debug;
		};
		85712114232E28D000106A87 /* Release */ = {
			isa = XCBuildConfiguration;
			buildSettings = {
				ALWAYS_SEARCH_USER_PATHS = NO;
				CLANG_ANALYZER_NONNULL = YES;
				CLANG_ANALYZER_NUMBER_OBJECT_CONVERSION = YES_AGGRESSIVE;
				CLANG_CXX_LANGUAGE_STANDARD = "gnu++14";
				CLANG_CXX_LIBRARY = "libc++";
				CLANG_ENABLE_MODULES = YES;
				CLANG_ENABLE_OBJC_ARC = YES;
				CLANG_ENABLE_OBJC_WEAK = YES;
				CLANG_WARN_BLOCK_CAPTURE_AUTORELEASING = YES;
				CLANG_WARN_BOOL_CONVERSION = YES;
				CLANG_WARN_COMMA = YES;
				CLANG_WARN_CONSTANT_CONVERSION = YES;
				CLANG_WARN_DEPRECATED_OBJC_IMPLEMENTATIONS = YES;
				CLANG_WARN_DIRECT_OBJC_ISA_USAGE = YES_ERROR;
				CLANG_WARN_DOCUMENTATION_COMMENTS = YES;
				CLANG_WARN_EMPTY_BODY = YES;
				CLANG_WARN_ENUM_CONVERSION = YES;
				CLANG_WARN_INFINITE_RECURSION = YES;
				CLANG_WARN_INT_CONVERSION = YES;
				CLANG_WARN_NON_LITERAL_NULL_CONVERSION = YES;
				CLANG_WARN_OBJC_IMPLICIT_RETAIN_SELF = YES;
				CLANG_WARN_OBJC_LITERAL_CONVERSION = YES;
				CLANG_WARN_OBJC_ROOT_CLASS = YES_ERROR;
				CLANG_WARN_RANGE_LOOP_ANALYSIS = YES;
				CLANG_WARN_STRICT_PROTOTYPES = YES;
				CLANG_WARN_SUSPICIOUS_MOVE = YES;
				CLANG_WARN_UNGUARDED_AVAILABILITY = YES_AGGRESSIVE;
				CLANG_WARN_UNREACHABLE_CODE = YES;
				CLANG_WARN__DUPLICATE_METHOD_MATCH = YES;
				CODE_SIGN_IDENTITY = "iPhone Developer";
				COPY_PHASE_STRIP = NO;
				DEBUG_INFORMATION_FORMAT = "dwarf-with-dsym";
				ENABLE_NS_ASSERTIONS = NO;
				ENABLE_STRICT_OBJC_MSGSEND = YES;
				GCC_C_LANGUAGE_STANDARD = gnu11;
				GCC_NO_COMMON_BLOCKS = YES;
				GCC_WARN_64_TO_32_BIT_CONVERSION = YES;
				GCC_WARN_ABOUT_RETURN_TYPE = YES_ERROR;
				GCC_WARN_UNDECLARED_SELECTOR = YES;
				GCC_WARN_UNINITIALIZED_AUTOS = YES_AGGRESSIVE;
				GCC_WARN_UNUSED_FUNCTION = YES;
				GCC_WARN_UNUSED_VARIABLE = YES;
				IPHONEOS_DEPLOYMENT_TARGET = 12.4;
				MTL_ENABLE_DEBUG_INFO = NO;
				MTL_FAST_MATH = YES;
				SDKROOT = iphoneos;
				SWIFT_COMPILATION_MODE = wholemodule;
				SWIFT_OPTIMIZATION_LEVEL = "-O";
				VALIDATE_PRODUCT = YES;
			};
			name = Release;
		};
		85712116232E28D000106A87 /* Debug */ = {
			isa = XCBuildConfiguration;
			baseConfigurationReference = 6548ED032E9956AC4DC05FBF /* Pods-Climator.debug.xcconfig */;
			buildSettings = {
				ASSETCATALOG_COMPILER_APPICON_NAME = AppIcon;
				CLANG_ENABLE_MODULES = YES;
				CODE_SIGN_STYLE = Automatic;
				DEVELOPMENT_TEAM = QQE69LKY8A;
				INFOPLIST_FILE = Climator/Info.plist;
				LD_RUNPATH_SEARCH_PATHS = (
					"$(inherited)",
					"@executable_path/Frameworks",
				);
				PRODUCT_BUNDLE_IDENTIFIER = com.noon.Climator;
				PRODUCT_NAME = "$(TARGET_NAME)";
				SWIFT_OBJC_BRIDGING_HEADER = "Climator/Climator-Bridging-Header.h";
				SWIFT_OPTIMIZATION_LEVEL = "-Onone";
				SWIFT_VERSION = 5.0;
				TARGETED_DEVICE_FAMILY = 1;
			};
			name = Debug;
		};
		85712117232E28D000106A87 /* Release */ = {
			isa = XCBuildConfiguration;
			baseConfigurationReference = FD3B932C77C3963E1E5F3C2A /* Pods-Climator.release.xcconfig */;
			buildSettings = {
				ASSETCATALOG_COMPILER_APPICON_NAME = AppIcon;
				CLANG_ENABLE_MODULES = YES;
				CODE_SIGN_STYLE = Automatic;
				DEVELOPMENT_TEAM = QQE69LKY8A;
				INFOPLIST_FILE = Climator/Info.plist;
				LD_RUNPATH_SEARCH_PATHS = (
					"$(inherited)",
					"@executable_path/Frameworks",
				);
				PRODUCT_BUNDLE_IDENTIFIER = com.noon.Climator;
				PRODUCT_NAME = "$(TARGET_NAME)";
				SWIFT_OBJC_BRIDGING_HEADER = "Climator/Climator-Bridging-Header.h";
				SWIFT_VERSION = 5.0;
				TARGETED_DEVICE_FAMILY = 1;
			};
			name = Release;
		};
/* End XCBuildConfiguration section */

/* Begin XCConfigurationList section */
		857120FE232E28CF00106A87 /* Build configuration list for PBXProject "Climator" */ = {
			isa = XCConfigurationList;
			buildConfigurations = (
				85712113232E28D000106A87 /* Debug */,
				85712114232E28D000106A87 /* Release */,
			);
			defaultConfigurationIsVisible = 0;
			defaultConfigurationName = Release;
		};
		85712115232E28D000106A87 /* Build configuration list for PBXNativeTarget "Climator" */ = {
			isa = XCConfigurationList;
			buildConfigurations = (
				85712116232E28D000106A87 /* Debug */,
				85712117232E28D000106A87 /* Release */,
			);
			defaultConfigurationIsVisible = 0;
			defaultConfigurationName = Release;
		};
/* End XCConfigurationList section */
	};
	rootObject = 857120FB232E28CF00106A87 /* Project object */;
}
