// !$*UTF8*$!
{
	archiveVersion = 1;
	classes = {
	};
	objectVersion = 50;
	objects = {

/* Begin PBXBuildFile section */
		850FFF5D23449779009D5F41 /* AppDelegate.swift in Sources */ = {isa = PBXBuildFile; fileRef = 850FFF5C23449779009D5F41 /* AppDelegate.swift */; };
		850FFF5F23449779009D5F41 /* SceneDelegate.swift in Sources */ = {isa = PBXBuildFile; fileRef = 850FFF5E23449779009D5F41 /* SceneDelegate.swift */; };
		850FFF6423449779009D5F41 /* Main.storyboard in Resources */ = {isa = PBXBuildFile; fileRef = 850FFF6223449779009D5F41 /* Main.storyboard */; };
		850FFF662344977B009D5F41 /* Assets.xcassets in Resources */ = {isa = PBXBuildFile; fileRef = 850FFF652344977B009D5F41 /* Assets.xcassets */; };
		850FFF692344977B009D5F41 /* LaunchScreen.storyboard in Resources */ = {isa = PBXBuildFile; fileRef = 850FFF672344977B009D5F41 /* LaunchScreen.storyboard */; };
		850FFF75234498E1009D5F41 /* TodoListViewController.swift in Sources */ = {isa = PBXBuildFile; fileRef = 850FFF74234498E1009D5F41 /* TodoListViewController.swift */; };
		85108EC52345F17F0076B422 /* CategoryViewController.swift in Sources */ = {isa = PBXBuildFile; fileRef = 85108EC42345F17F0076B422 /* CategoryViewController.swift */; };
		8515702723485C0A00AD0601 /* Item.swift in Sources */ = {isa = PBXBuildFile; fileRef = 8515702623485C0A00AD0601 /* Item.swift */; };
		8515702923485C3700AD0601 /* Category.swift in Sources */ = {isa = PBXBuildFile; fileRef = 8515702823485C3700AD0601 /* Category.swift */; };
		85FAE748234EADCD0074DF15 /* SwipeTableViewController.swift in Sources */ = {isa = PBXBuildFile; fileRef = 85FAE747234EADCD0074DF15 /* SwipeTableViewController.swift */; };
		B4680A8181DCC2C2A7646E46 /* Pods_TodoList.framework in Frameworks */ = {isa = PBXBuildFile; fileRef = FD9E58C8519228B5114FFAD7 /* Pods_TodoList.framework */; };
/* End PBXBuildFile section */

/* Begin PBXFileReference section */
		0F2D4A53EB01D36DEBEB41E6 /* Pods-TodoList.debug.xcconfig */ = {isa = PBXFileReference; includeInIndex = 1; lastKnownFileType = text.xcconfig; name = "Pods-TodoList.debug.xcconfig"; path = "Target Support Files/Pods-TodoList/Pods-TodoList.debug.xcconfig"; sourceTree = "<group>"; };
		850FFF5923449779009D5F41 /* TodoList.app */ = {isa = PBXFileReference; explicitFileType = wrapper.application; includeInIndex = 0; path = TodoList.app; sourceTree = BUILT_PRODUCTS_DIR; };
		850FFF5C23449779009D5F41 /* AppDelegate.swift */ = {isa = PBXFileReference; lastKnownFileType = sourcecode.swift; path = AppDelegate.swift; sourceTree = "<group>"; };
		850FFF5E23449779009D5F41 /* SceneDelegate.swift */ = {isa = PBXFileReference; lastKnownFileType = sourcecode.swift; path = SceneDelegate.swift; sourceTree = "<group>"; };
		850FFF6323449779009D5F41 /* Base */ = {isa = PBXFileReference; lastKnownFileType = file.storyboard; name = Base; path = Base.lproj/Main.storyboard; sourceTree = "<group>"; };
		850FFF652344977B009D5F41 /* Assets.xcassets */ = {isa = PBXFileReference; lastKnownFileType = folder.assetcatalog; path = Assets.xcassets; sourceTree = "<group>"; };
		850FFF682344977B009D5F41 /* Base */ = {isa = PBXFileReference; lastKnownFileType = file.storyboard; name = Base; path = Base.lproj/LaunchScreen.storyboard; sourceTree = "<group>"; };
		850FFF6A2344977B009D5F41 /* Info.plist */ = {isa = PBXFileReference; lastKnownFileType = text.plist.xml; path = Info.plist; sourceTree = "<group>"; };
		850FFF74234498E1009D5F41 /* TodoListViewController.swift */ = {isa = PBXFileReference; lastKnownFileType = sourcecode.swift; path = TodoListViewController.swift; sourceTree = "<group>"; };
		85108EC42345F17F0076B422 /* CategoryViewController.swift */ = {isa = PBXFileReference; lastKnownFileType = sourcecode.swift; path = CategoryViewController.swift; sourceTree = "<group>"; };
		8515702623485C0A00AD0601 /* Item.swift */ = {isa = PBXFileReference; lastKnownFileType = sourcecode.swift; path = Item.swift; sourceTree = "<group>"; };
		8515702823485C3700AD0601 /* Category.swift */ = {isa = PBXFileReference; lastKnownFileType = sourcecode.swift; path = Category.swift; sourceTree = "<group>"; };
		85FAE747234EADCD0074DF15 /* SwipeTableViewController.swift */ = {isa = PBXFileReference; lastKnownFileType = sourcecode.swift; path = SwipeTableViewController.swift; sourceTree = "<group>"; };
		A12FB4C05ACA56D19F4D8EE8 /* Pods-TodoList.release.xcconfig */ = {isa = PBXFileReference; includeInIndex = 1; lastKnownFileType = text.xcconfig; name = "Pods-TodoList.release.xcconfig"; path = "Target Support Files/Pods-TodoList/Pods-TodoList.release.xcconfig"; sourceTree = "<group>"; };
		FD9E58C8519228B5114FFAD7 /* Pods_TodoList.framework */ = {isa = PBXFileReference; explicitFileType = wrapper.framework; includeInIndex = 0; path = Pods_TodoList.framework; sourceTree = BUILT_PRODUCTS_DIR; };
/* End PBXFileReference section */

/* Begin PBXFrameworksBuildPhase section */
		850FFF5623449779009D5F41 /* Frameworks */ = {
			isa = PBXFrameworksBuildPhase;
			buildActionMask = 2147483647;
			files = (
				B4680A8181DCC2C2A7646E46 /* Pods_TodoList.framework in Frameworks */,
			);
			runOnlyForDeploymentPostprocessing = 0;
		};
/* End PBXFrameworksBuildPhase section */

/* Begin PBXGroup section */
		5382B3C0FF532F67468A57EE /* Pods */ = {
			isa = PBXGroup;
			children = (
				0F2D4A53EB01D36DEBEB41E6 /* Pods-TodoList.debug.xcconfig */,
				A12FB4C05ACA56D19F4D8EE8 /* Pods-TodoList.release.xcconfig */,
			);
			path = Pods;
			sourceTree = "<group>";
		};
		850FFF5023449779009D5F41 = {
			isa = PBXGroup;
			children = (
				850FFF5B23449779009D5F41 /* TodoList */,
				850FFF5A23449779009D5F41 /* Products */,
				5382B3C0FF532F67468A57EE /* Pods */,
				D2E2A4730D22419F2E5B1C3E /* Frameworks */,
			);
			sourceTree = "<group>";
		};
		850FFF5A23449779009D5F41 /* Products */ = {
			isa = PBXGroup;
			children = (
				850FFF5923449779009D5F41 /* TodoList.app */,
			);
			name = Products;
			sourceTree = "<group>";
		};
		850FFF5B23449779009D5F41 /* TodoList */ = {
			isa = PBXGroup;
			children = (
				850FFF6A2344977B009D5F41 /* Info.plist */,
				850FFF5C23449779009D5F41 /* AppDelegate.swift */,
				850FFF5E23449779009D5F41 /* SceneDelegate.swift */,
				850FFF76234498E6009D5F41 /* Controller */,
				850FFF7A23449A71009D5F41 /* Model */,
				850FFF7323449892009D5F41 /* View */,
				850FFF722344982C009D5F41 /* Supporting Files */,
			);
			path = TodoList;
			sourceTree = "<group>";
		};
		850FFF722344982C009D5F41 /* Supporting Files */ = {
			isa = PBXGroup;
			children = (
				850FFF652344977B009D5F41 /* Assets.xcassets */,
				850FFF672344977B009D5F41 /* LaunchScreen.storyboard */,
			);
			path = "Supporting Files";
			sourceTree = "<group>";
		};
		850FFF7323449892009D5F41 /* View */ = {
			isa = PBXGroup;
			children = (
				850FFF6223449779009D5F41 /* Main.storyboard */,
			);
			path = View;
			sourceTree = "<group>";
		};
		850FFF76234498E6009D5F41 /* Controller */ = {
			isa = PBXGroup;
			children = (
				85108EC42345F17F0076B422 /* CategoryViewController.swift */,
				850FFF74234498E1009D5F41 /* TodoListViewController.swift */,
				85FAE747234EADCD0074DF15 /* SwipeTableViewController.swift */,
			);
			path = Controller;
			sourceTree = "<group>";
		};
		850FFF7A23449A71009D5F41 /* Model */ = {
			isa = PBXGroup;
			children = (
				8515702623485C0A00AD0601 /* Item.swift */,
				8515702823485C3700AD0601 /* Category.swift */,
			);
			path = Model;
			sourceTree = "<group>";
		};
		D2E2A4730D22419F2E5B1C3E /* Frameworks */ = {
			isa = PBXGroup;
			children = (
				FD9E58C8519228B5114FFAD7 /* Pods_TodoList.framework */,
			);
			name = Frameworks;
			sourceTree = "<group>";
		};
/* End PBXGroup section */

/* Begin PBXNativeTarget section */
		850FFF5823449779009D5F41 /* TodoList */ = {
			isa = PBXNativeTarget;
			buildConfigurationList = 850FFF6D2344977B009D5F41 /* Build configuration list for PBXNativeTarget "TodoList" */;
			buildPhases = (
				4E722797D469A58443151F94 /* [CP] Check Pods Manifest.lock */,
				850FFF5523449779009D5F41 /* Sources */,
				850FFF5623449779009D5F41 /* Frameworks */,
				850FFF5723449779009D5F41 /* Resources */,
				A615A46DD5AF615E3ABEDC12 /* [CP] Embed Pods Frameworks */,
			);
			buildRules = (
			);
			dependencies = (
			);
			name = TodoList;
			productName = TodoList;
			productReference = 850FFF5923449779009D5F41 /* TodoList.app */;
			productType = "com.apple.product-type.application";
		};
/* End PBXNativeTarget section */

/* Begin PBXProject section */
		850FFF5123449779009D5F41 /* Project object */ = {
			isa = PBXProject;
			attributes = {
				LastSwiftUpdateCheck = 1100;
				LastUpgradeCheck = 1100;
				ORGANIZATIONNAME = "Noon Studio";
				TargetAttributes = {
					850FFF5823449779009D5F41 = {
						CreatedOnToolsVersion = 11.0;
					};
				};
			};
			buildConfigurationList = 850FFF5423449779009D5F41 /* Build configuration list for PBXProject "TodoList" */;
			compatibilityVersion = "Xcode 9.3";
			developmentRegion = en;
			hasScannedForEncodings = 0;
			knownRegions = (
				en,
				Base,
			);
			mainGroup = 850FFF5023449779009D5F41;
			productRefGroup = 850FFF5A23449779009D5F41 /* Products */;
			projectDirPath = "";
			projectRoot = "";
			targets = (
				850FFF5823449779009D5F41 /* TodoList */,
			);
		};
/* End PBXProject section */

/* Begin PBXResourcesBuildPhase section */
		850FFF5723449779009D5F41 /* Resources */ = {
			isa = PBXResourcesBuildPhase;
			buildActionMask = 2147483647;
			files = (
				850FFF692344977B009D5F41 /* LaunchScreen.storyboard in Resources */,
				850FFF662344977B009D5F41 /* Assets.xcassets in Resources */,
				850FFF6423449779009D5F41 /* Main.storyboard in Resources */,
			);
			runOnlyForDeploymentPostprocessing = 0;
		};
/* End PBXResourcesBuildPhase section */

/* Begin PBXShellScriptBuildPhase section */
		4E722797D469A58443151F94 /* [CP] Check Pods Manifest.lock */ = {
			isa = PBXShellScriptBuildPhase;
			buildActionMask = 2147483647;
			files = (
			);
			inputFileListPaths = (
			);
			inputPaths = (
				"${PODS_PODFILE_DIR_PATH}/Podfile.lock",
				"${PODS_ROOT}/Manifest.lock",
			);
			name = "[CP] Check Pods Manifest.lock";
			outputFileListPaths = (
			);
			outputPaths = (
				"$(DERIVED_FILE_DIR)/Pods-TodoList-checkManifestLockResult.txt",
			);
			runOnlyForDeploymentPostprocessing = 0;
			shellPath = /bin/sh;
			shellScript = "diff \"${PODS_PODFILE_DIR_PATH}/Podfile.lock\" \"${PODS_ROOT}/Manifest.lock\" > /dev/null\nif [ $? != 0 ] ; then\n    # print error to STDERR\n    echo \"error: The sandbox is not in sync with the Podfile.lock. Run 'pod install' or update your CocoaPods installation.\" >&2\n    exit 1\nfi\n# This output is used by Xcode 'outputs' to avoid re-running this script phase.\necho \"SUCCESS\" > \"${SCRIPT_OUTPUT_FILE_0}\"\n";
			showEnvVarsInLog = 0;
		};
		A615A46DD5AF615E3ABEDC12 /* [CP] Embed Pods Frameworks */ = {
			isa = PBXShellScriptBuildPhase;
			buildActionMask = 2147483647;
			files = (
			);
			inputFileListPaths = (
			);
			inputPaths = (
				"${PODS_ROOT}/Target Support Files/Pods-TodoList/Pods-TodoList-frameworks.sh",
				"${BUILT_PRODUCTS_DIR}/ChameleonFramework/ChameleonFramework.framework",
				"${BUILT_PRODUCTS_DIR}/Realm/Realm.framework",
				"${BUILT_PRODUCTS_DIR}/RealmSwift/RealmSwift.framework",
				"${BUILT_PRODUCTS_DIR}/SwipeCellKit/SwipeCellKit.framework",
			);
			name = "[CP] Embed Pods Frameworks";
			outputFileListPaths = (
			);
			outputPaths = (
				"${TARGET_BUILD_DIR}/${FRAMEWORKS_FOLDER_PATH}/ChameleonFramework.framework",
				"${TARGET_BUILD_DIR}/${FRAMEWORKS_FOLDER_PATH}/Realm.framework",
				"${TARGET_BUILD_DIR}/${FRAMEWORKS_FOLDER_PATH}/RealmSwift.framework",
				"${TARGET_BUILD_DIR}/${FRAMEWORKS_FOLDER_PATH}/SwipeCellKit.framework",
			);
			runOnlyForDeploymentPostprocessing = 0;
			shellPath = /bin/sh;
			shellScript = "\"${PODS_ROOT}/Target Support Files/Pods-TodoList/Pods-TodoList-frameworks.sh\"\n";
			showEnvVarsInLog = 0;
		};
/* End PBXShellScriptBuildPhase section */

/* Begin PBXSourcesBuildPhase section */
		850FFF5523449779009D5F41 /* Sources */ = {
			isa = PBXSourcesBuildPhase;
			buildActionMask = 2147483647;
			files = (
				85FAE748234EADCD0074DF15 /* SwipeTableViewController.swift in Sources */,
				85108EC52345F17F0076B422 /* CategoryViewController.swift in Sources */,
				850FFF75234498E1009D5F41 /* TodoListViewController.swift in Sources */,
				850FFF5D23449779009D5F41 /* AppDelegate.swift in Sources */,
				8515702723485C0A00AD0601 /* Item.swift in Sources */,
				850FFF5F23449779009D5F41 /* SceneDelegate.swift in Sources */,
				8515702923485C3700AD0601 /* Category.swift in Sources */,
			);
			runOnlyForDeploymentPostprocessing = 0;
		};
/* End PBXSourcesBuildPhase section */

/* Begin PBXVariantGroup section */
		850FFF6223449779009D5F41 /* Main.storyboard */ = {
			isa = PBXVariantGroup;
			children = (
				850FFF6323449779009D5F41 /* Base */,
			);
			name = Main.storyboard;
			sourceTree = "<group>";
		};
		850FFF672344977B009D5F41 /* LaunchScreen.storyboard */ = {
			isa = PBXVariantGroup;
			children = (
				850FFF682344977B009D5F41 /* Base */,
			);
			name = LaunchScreen.storyboard;
			sourceTree = "<group>";
		};
/* End PBXVariantGroup section */

/* Begin XCBuildConfiguration section */
		850FFF6B2344977B009D5F41 /* Debug */ = {
			isa = XCBuildConfiguration;
			buildSettings = {
				ALWAYS_SEARCH_USER_PATHS = NO;
				CLANG_ANALYZER_NONNULL = YES;
				CLANG_ANALYZER_NUMBER_OBJECT_CONVERSION = YES_AGGRESSIVE;
				CLANG_CXX_LANGUAGE_STANDARD = "gnu++14";
				CLANG_CXX_LIBRARY = "libc++";
				CLANG_ENABLE_MODULES = YES;
				CLANG_ENABLE_OBJC_ARC = YES;
				CLANG_ENABLE_OBJC_WEAK = YES;
				CLANG_WARN_BLOCK_CAPTURE_AUTORELEASING = YES;
				CLANG_WARN_BOOL_CONVERSION = YES;
				CLANG_WARN_COMMA = YES;
				CLANG_WARN_CONSTANT_CONVERSION = YES;
				CLANG_WARN_DEPRECATED_OBJC_IMPLEMENTATIONS = YES;
				CLANG_WARN_DIRECT_OBJC_ISA_USAGE = YES_ERROR;
				CLANG_WARN_DOCUMENTATION_COMMENTS = YES;
				CLANG_WARN_EMPTY_BODY = YES;
				CLANG_WARN_ENUM_CONVERSION = YES;
				CLANG_WARN_INFINITE_RECURSION = YES;
				CLANG_WARN_INT_CONVERSION = YES;
				CLANG_WARN_NON_LITERAL_NULL_CONVERSION = YES;
				CLANG_WARN_OBJC_IMPLICIT_RETAIN_SELF = YES;
				CLANG_WARN_OBJC_LITERAL_CONVERSION = YES;
				CLANG_WARN_OBJC_ROOT_CLASS = YES_ERROR;
				CLANG_WARN_RANGE_LOOP_ANALYSIS = YES;
				CLANG_WARN_STRICT_PROTOTYPES = YES;
				CLANG_WARN_SUSPICIOUS_MOVE = YES;
				CLANG_WARN_UNGUARDED_AVAILABILITY = YES_AGGRESSIVE;
				CLANG_WARN_UNREACHABLE_CODE = YES;
				CLANG_WARN__DUPLICATE_METHOD_MATCH = YES;
				COPY_PHASE_STRIP = NO;
				DEBUG_INFORMATION_FORMAT = dwarf;
				ENABLE_STRICT_OBJC_MSGSEND = YES;
				ENABLE_TESTABILITY = YES;
				GCC_C_LANGUAGE_STANDARD = gnu11;
				GCC_DYNAMIC_NO_PIC = NO;
				GCC_NO_COMMON_BLOCKS = YES;
				GCC_OPTIMIZATION_LEVEL = 0;
				GCC_PREPROCESSOR_DEFINITIONS = (
					"DEBUG=1",
					"$(inherited)",
				);
				GCC_WARN_64_TO_32_BIT_CONVERSION = YES;
				GCC_WARN_ABOUT_RETURN_TYPE = YES_ERROR;
				GCC_WARN_UNDECLARED_SELECTOR = YES;
				GCC_WARN_UNINITIALIZED_AUTOS = YES_AGGRESSIVE;
				GCC_WARN_UNUSED_FUNCTION = YES;
				GCC_WARN_UNUSED_VARIABLE = YES;
				IPHONEOS_DEPLOYMENT_TARGET = 13.0;
				MTL_ENABLE_DEBUG_INFO = INCLUDE_SOURCE;
				MTL_FAST_MATH = YES;
				ONLY_ACTIVE_ARCH = YES;
				SDKROOT = iphoneos;
				SWIFT_ACTIVE_COMPILATION_CONDITIONS = DEBUG;
				SWIFT_OPTIMIZATION_LEVEL = "-Onone";
			};
			name = Debug;
		};
		850FFF6C2344977B009D5F41 /* Release */ = {
			isa = XCBuildConfiguration;
			buildSettings = {
				ALWAYS_SEARCH_USER_PATHS = NO;
				CLANG_ANALYZER_NONNULL = YES;
				CLANG_ANALYZER_NUMBER_OBJECT_CONVERSION = YES_AGGRESSIVE;
				CLANG_CXX_LANGUAGE_STANDARD = "gnu++14";
				CLANG_CXX_LIBRARY = "libc++";
				CLANG_ENABLE_MODULES = YES;
				CLANG_ENABLE_OBJC_ARC = YES;
				CLANG_ENABLE_OBJC_WEAK = YES;
				CLANG_WARN_BLOCK_CAPTURE_AUTORELEASING = YES;
				CLANG_WARN_BOOL_CONVERSION = YES;
				CLANG_WARN_COMMA = YES;
				CLANG_WARN_CONSTANT_CONVERSION = YES;
				CLANG_WARN_DEPRECATED_OBJC_IMPLEMENTATIONS = YES;
				CLANG_WARN_DIRECT_OBJC_ISA_USAGE = YES_ERROR;
				CLANG_WARN_DOCUMENTATION_COMMENTS = YES;
				CLANG_WARN_EMPTY_BODY = YES;
				CLANG_WARN_ENUM_CONVERSION = YES;
				CLANG_WARN_INFINITE_RECURSION = YES;
				CLANG_WARN_INT_CONVERSION = YES;
				CLANG_WARN_NON_LITERAL_NULL_CONVERSION = YES;
				CLANG_WARN_OBJC_IMPLICIT_RETAIN_SELF = YES;
				CLANG_WARN_OBJC_LITERAL_CONVERSION = YES;
				CLANG_WARN_OBJC_ROOT_CLASS = YES_ERROR;
				CLANG_WARN_RANGE_LOOP_ANALYSIS = YES;
				CLANG_WARN_STRICT_PROTOTYPES = YES;
				CLANG_WARN_SUSPICIOUS_MOVE = YES;
				CLANG_WARN_UNGUARDED_AVAILABILITY = YES_AGGRESSIVE;
				CLANG_WARN_UNREACHABLE_CODE = YES;
				CLANG_WARN__DUPLICATE_METHOD_MATCH = YES;
				COPY_PHASE_STRIP = NO;
				DEBUG_INFORMATION_FORMAT = "dwarf-with-dsym";
				ENABLE_NS_ASSERTIONS = NO;
				ENABLE_STRICT_OBJC_MSGSEND = YES;
				GCC_C_LANGUAGE_STANDARD = gnu11;
				GCC_NO_COMMON_BLOCKS = YES;
				GCC_WARN_64_TO_32_BIT_CONVERSION = YES;
				GCC_WARN_ABOUT_RETURN_TYPE = YES_ERROR;
				GCC_WARN_UNDECLARED_SELECTOR = YES;
				GCC_WARN_UNINITIALIZED_AUTOS = YES_AGGRESSIVE;
				GCC_WARN_UNUSED_FUNCTION = YES;
				GCC_WARN_UNUSED_VARIABLE = YES;
				IPHONEOS_DEPLOYMENT_TARGET = 13.0;
				MTL_ENABLE_DEBUG_INFO = NO;
				MTL_FAST_MATH = YES;
				SDKROOT = iphoneos;
				SWIFT_COMPILATION_MODE = wholemodule;
				SWIFT_OPTIMIZATION_LEVEL = "-O";
				VALIDATE_PRODUCT = YES;
			};
			name = Release;
		};
		850FFF6E2344977B009D5F41 /* Debug */ = {
			isa = XCBuildConfiguration;
			baseConfigurationReference = 0F2D4A53EB01D36DEBEB41E6 /* Pods-TodoList.debug.xcconfig */;
			buildSettings = {
				ASSETCATALOG_COMPILER_APPICON_NAME = AppIcon;
				CODE_SIGN_STYLE = Automatic;
				DEVELOPMENT_TEAM = QQE69LKY8A;
				INFOPLIST_FILE = TodoList/Info.plist;
				LD_RUNPATH_SEARCH_PATHS = (
					"$(inherited)",
					"@executable_path/Frameworks",
				);
				PRODUCT_BUNDLE_IDENTIFIER = com.noon.TodoList;
				PRODUCT_NAME = "$(TARGET_NAME)";
				SWIFT_VERSION = 5.0;
				TARGETED_DEVICE_FAMILY = 1;
			};
			name = Debug;
		};
		850FFF6F2344977B009D5F41 /* Release */ = {
			isa = XCBuildConfiguration;
			baseConfigurationReference = A12FB4C05ACA56D19F4D8EE8 /* Pods-TodoList.release.xcconfig */;
			buildSettings = {
				ASSETCATALOG_COMPILER_APPICON_NAME = AppIcon;
				CODE_SIGN_STYLE = Automatic;
				DEVELOPMENT_TEAM = QQE69LKY8A;
				INFOPLIST_FILE = TodoList/Info.plist;
				LD_RUNPATH_SEARCH_PATHS = (
					"$(inherited)",
					"@executable_path/Frameworks",
				);
				PRODUCT_BUNDLE_IDENTIFIER = com.noon.TodoList;
				PRODUCT_NAME = "$(TARGET_NAME)";
				SWIFT_VERSION = 5.0;
				TARGETED_DEVICE_FAMILY = 1;
			};
			name = Release;
		};
/* End XCBuildConfiguration section */

/* Begin XCConfigurationList section */
		850FFF5423449779009D5F41 /* Build configuration list for PBXProject "TodoList" */ = {
			isa = XCConfigurationList;
			buildConfigurations = (
				850FFF6B2344977B009D5F41 /* Debug */,
				850FFF6C2344977B009D5F41 /* Release */,
			);
			defaultConfigurationIsVisible = 0;
			defaultConfigurationName = Release;
		};
		850FFF6D2344977B009D5F41 /* Build configuration list for PBXNativeTarget "TodoList" */ = {
			isa = XCConfigurationList;
			buildConfigurations = (
				850FFF6E2344977B009D5F41 /* Debug */,
				850FFF6F2344977B009D5F41 /* Release */,
			);
			defaultConfigurationIsVisible = 0;
			defaultConfigurationName = Release;
		};
/* End XCConfigurationList section */
	};
	rootObject = 850FFF5123449779009D5F41 /* Project object */;
}
